{
    "_readme": [
        "This file locks the dependencies of your project to a known state",
        "Read more about it at https://getcomposer.org/doc/01-basic-usage.md#composer-lock-the-lock-file",
        "This file is @generated automatically"
    ],
    "hash": "c6717f6f1d0e91c524efbc0d3d2263eb",
    "content-hash": "c2dcec5b7aac863a96785c6bea13ebf7",
    "packages": [
        {
            "name": "akeneo-labs/spreadsheet-parser",
            "version": "v1.2.2",
            "source": {
                "type": "git",
                "url": "https://github.com/akeneo-labs/spreadsheet-parser.git",
                "reference": "3219be64cad3edee26f98133c53fc475207df0a3"
            },
            "dist": {
                "type": "zip",
                "url": "https://api.github.com/repos/akeneo-labs/spreadsheet-parser/zipball/3219be64cad3edee26f98133c53fc475207df0a3",
                "reference": "3219be64cad3edee26f98133c53fc475207df0a3",
                "shasum": ""
            },
            "require": {
                "php": ">=5.4.0",
                "symfony/options-resolver": "~2.6 || ~3.0"
            },
            "require-dev": {
                "phpspec/phpspec": "~2.0"
            },
            "type": "library",
            "extra": {
                "branch-alias": {
                    "dev-master": "1.2.x-dev"
                }
            },
            "autoload": {
                "psr-4": {
                    "Akeneo\\Component\\SpreadsheetParser\\": "src"
                }
            },
            "notification-url": "https://packagist.org/downloads/",
            "license": [
                "OSL-3.0"
            ],
            "authors": [
                {
                    "name": "Antoine Guigan",
                    "email": "antoine@akeneo.com",
                    "homepage": "http://akeneo.com"
                },
                {
                    "name": "Matthieu Viel",
                    "email": "matthieu.viel@akeneo.com",
                    "homepage": "http://akeneo.com"
                },
                {
                    "name": "JM Leroux",
                    "email": "jean-marie.leroux@akeneo.com"
                }
            ],
            "description": "Akeneo Spreadsheet parser. Reads XLXS files from Microsoft Excel and Open Office",
            "homepage": "http://akeneo.com",
            "keywords": [
                "akeneo",
                "excel",
                "parser",
                "reader",
                "spreadsheet",
                "xlsx"
            ],
            "time": "2016-09-12 14:57:57"
        },
        {
            "name": "symfony/options-resolver",
            "version": "v3.2.1",
            "source": {
                "type": "git",
                "url": "https://github.com/symfony/options-resolver.git",
                "reference": "45940bcad6388b3b6058107eca67ced738d205bb"
            },
            "dist": {
                "type": "zip",
                "url": "https://api.github.com/repos/symfony/options-resolver/zipball/45940bcad6388b3b6058107eca67ced738d205bb",
                "reference": "45940bcad6388b3b6058107eca67ced738d205bb",
                "shasum": ""
            },
            "require": {
                "php": ">=5.5.9"
            },
            "type": "library",
            "extra": {
                "branch-alias": {
                    "dev-master": "3.2-dev"
                }
            },
            "autoload": {
                "psr-4": {
                    "Symfony\\Component\\OptionsResolver\\": ""
                },
                "exclude-from-classmap": [
                    "/Tests/"
                ]
            },
            "notification-url": "https://packagist.org/downloads/",
            "license": [
                "MIT"
            ],
            "authors": [
                {
                    "name": "Fabien Potencier",
                    "email": "fabien@symfony.com"
                },
                {
                    "name": "Symfony Community",
                    "homepage": "https://symfony.com/contributors"
                }
            ],
            "description": "Symfony OptionsResolver Component",
            "homepage": "https://symfony.com",
            "keywords": [
                "config",
                "configuration",
                "options"
            ],
            "time": "2016-05-13 18:13:23"
        }
    ],
    "packages-dev": [],
    "aliases": [],
    "minimum-stability": "stable",
    "stability-flags": [],
    "prefer-stable": false,
    "prefer-lowest": false,
    "platform": [],
    "platform-dev": []
}
